
Microsoft Visual Studio Solution File, Format Version 12.00
Project("{FAE04EC0-301F-11D3-BF4B-00C04F79EFBC}") = "Act.Caixa.BuildingBlocks", "Act.Caixa.BuildingBlocks\Act.Caixa.BuildingBlocks.csproj", "{BF98E1F5-96F6-4D27-90D8-DBAD36AFE74E}"
EndProject
Project("{FAE04EC0-301F-11D3-BF4B-00C04F79EFBC}") = "Act.Caixa.Domain", "Act.Caixa.Domain\Act.Caixa.Domain.csproj", "{12D30CB2-A541-447A-99A4-2766471529A1}"
EndProject
Project("{2150E333-8FDC-42A3-9474-1A3956D46DE8}") = "Services", "Services", "{EEB38F2B-3040-44BD-B94C-FA512FD5FD8E}"
EndProject
Project("{FAE04EC0-301F-11D3-BF4B-00C04F79EFBC}") = "Act.Caixa.Services.Lancamento", "Act.Caixa.Services.Lancamento\Act.Caixa.Services.Lancamento.csproj", "{D1B1FDA6-3702-4AD4-B943-0163795AB6FB}"
EndProject
Project("{FAE04EC0-301F-11D3-BF4B-00C04F79EFBC}") = "Act.Caixa.Services.Consolidacao", "Act.Caixa.Services.Consolidacao\Act.Caixa.Services.Consolidacao.csproj", "{C2424F94-BEF7-450A-96C3-8D17D6B8AAEE}"
EndProject
Project("{FAE04EC0-301F-11D3-BF4B-00C04F79EFBC}") = "Act.Caixa.Tests", "Act.Caixa.Tests\Act.Caixa.Tests.csproj", "{519D3FAF-8EC7-4F26-8898-3DC908CD47D6}"
EndProject
Project("{FAE04EC0-301F-11D3-BF4B-00C04F79EFBC}") = "Act.Caixa.Gateway", "Act.Caixa.Gateway\Act.Caixa.Gateway.csproj", "{3A17E94D-61C9-4EFF-A33C-3742723B89CD}"
EndProject
Global
	GlobalSection(SolutionConfigurationPlatforms) = preSolution
		Debug|Any CPU = Debug|Any CPU
		Release|Any CPU = Release|Any CPU
	EndGlobalSection
	GlobalSection(ProjectConfigurationPlatforms) = postSolution
		{BF98E1F5-96F6-4D27-90D8-DBAD36AFE74E}.Debug|Any CPU.ActiveCfg = Debug|Any CPU
		{BF98E1F5-96F6-4D27-90D8-DBAD36AFE74E}.Debug|Any CPU.Build.0 = Debug|Any CPU
		{BF98E1F5-96F6-4D27-90D8-DBAD36AFE74E}.Release|Any CPU.ActiveCfg = Release|Any CPU
		{BF98E1F5-96F6-4D27-90D8-DBAD36AFE74E}.Release|Any CPU.Build.0 = Release|Any CPU
		{12D30CB2-A541-447A-99A4-2766471529A1}.Debug|Any CPU.ActiveCfg = Debug|Any CPU
		{12D30CB2-A541-447A-99A4-2766471529A1}.Debug|Any CPU.Build.0 = Debug|Any CPU
		{12D30CB2-A541-447A-99A4-2766471529A1}.Release|Any CPU.ActiveCfg = Release|Any CPU
		{12D30CB2-A541-447A-99A4-2766471529A1}.Release|Any CPU.Build.0 = Release|Any CPU
		{D1B1FDA6-3702-4AD4-B943-0163795AB6FB}.Debug|Any CPU.ActiveCfg = Debug|Any CPU
		{D1B1FDA6-3702-4AD4-B943-0163795AB6FB}.Debug|Any CPU.Build.0 = Debug|Any CPU
		{D1B1FDA6-3702-4AD4-B943-0163795AB6FB}.Release|Any CPU.ActiveCfg = Release|Any CPU
		{D1B1FDA6-3702-4AD4-B943-0163795AB6FB}.Release|Any CPU.Build.0 = Release|Any CPU
		{C2424F94-BEF7-450A-96C3-8D17D6B8AAEE}.Debug|Any CPU.ActiveCfg = Debug|Any CPU
		{C2424F94-BEF7-450A-96C3-8D17D6B8AAEE}.Debug|Any CPU.Build.0 = Debug|Any CPU
		{C2424F94-BEF7-450A-96C3-8D17D6B8AAEE}.Release|Any CPU.ActiveCfg = Release|Any CPU
		{C2424F94-BEF7-450A-96C3-8D17D6B8AAEE}.Release|Any CPU.Build.0 = Release|Any CPU
		{519D3FAF-8EC7-4F26-8898-3DC908CD47D6}.Debug|Any CPU.ActiveCfg = Debug|Any CPU
		{519D3FAF-8EC7-4F26-8898-3DC908CD47D6}.Debug|Any CPU.Build.0 = Debug|Any CPU
		{519D3FAF-8EC7-4F26-8898-3DC908CD47D6}.Release|Any CPU.ActiveCfg = Release|Any CPU
		{519D3FAF-8EC7-4F26-8898-3DC908CD47D6}.Release|Any CPU.Build.0 = Release|Any CPU
		{3A17E94D-61C9-4EFF-A33C-3742723B89CD}.Debug|Any CPU.ActiveCfg = Debug|Any CPU
		{3A17E94D-61C9-4EFF-A33C-3742723B89CD}.Debug|Any CPU.Build.0 = Debug|Any CPU
		{3A17E94D-61C9-4EFF-A33C-3742723B89CD}.Release|Any CPU.ActiveCfg = Release|Any CPU
		{3A17E94D-61C9-4EFF-A33C-3742723B89CD}.Release|Any CPU.Build.0 = Release|Any CPU
	EndGlobalSection
	GlobalSection(NestedProjects) = preSolution
		{D1B1FDA6-3702-4AD4-B943-0163795AB6FB} = {EEB38F2B-3040-44BD-B94C-FA512FD5FD8E}
		{C2424F94-BEF7-450A-96C3-8D17D6B8AAEE} = {EEB38F2B-3040-44BD-B94C-FA512FD5FD8E}
		{3A17E94D-61C9-4EFF-A33C-3742723B89CD} = {EEB38F2B-3040-44BD-B94C-FA512FD5FD8E}
	EndGlobalSection
EndGlobal
